// !$*UTF8*$!
{
	archiveVersion = 1;
	classes = {
	};
	objectVersion = 70;
	objects = {

/* Begin PBXBuildFile section */
		322184902DFD64CA00271B33 /* FirebaseAnalytics in Frameworks */ = {isa = PBXBuildFile; productRef = 3221848F2DFD64CA00271B33 /* FirebaseAnalytics */; };
		322184922DFD64CA00271B33 /* FirebaseAnalyticsIdentitySupport in Frameworks */ = {isa = PBXBuildFile; productRef = 322184912DFD64CA00271B33 /* FirebaseAnalyticsIdentitySupport */; };
		322184942DFD64CA00271B33 /* FirebaseAnalyticsOnDeviceConversion in Frameworks */ = {isa = PBXBuildFile; productRef = 322184932DFD64CA00271B33 /* FirebaseAnalyticsOnDeviceConversion */; };
		322184962DFD64CA00271B33 /* FirebaseAppCheck in Frameworks */ = {isa = PBXBuildFile; productRef = 322184952DFD64CA00271B33 /* FirebaseAppCheck */; };
		322184982DFD64CA00271B33 /* FirebaseFirestore in Frameworks */ = {isa = PBXBuildFile; productRef = 322184972DFD64CA00271B33 /* FirebaseFirestore */; };
		3221849A2DFD64CA00271B33 /* FirebaseStorage in Frameworks */ = {isa = PBXBuildFile; productRef = 322184992DFD64CA00271B33 /* FirebaseStorage */; };
		324399472E01786B00224398 /* FirebaseAuth in Frameworks */ = {isa = PBXBuildFile; productRef = 324399462E01786B00224398 /* FirebaseAuth */; };
		3286B87F2E02C355004E4B99 /* KakaoSDKAuth in Frameworks */ = {isa = PBXBuildFile; productRef = 3286B87E2E02C355004E4B99 /* KakaoSDKAuth */; };
		3286B8812E02C355004E4B99 /* KakaoSDKUser in Frameworks */ = {isa = PBXBuildFile; productRef = 3286B8802E02C355004E4B99 /* KakaoSDKUser */; };
		32927F402E01A6560059A8D9 /* SDWebImage in Frameworks */ = {isa = PBXBuildFile; productRef = 32927F3F2E01A6560059A8D9 /* SDWebImage */; };
		32927F422E01A6560059A8D9 /* SDWebImageMapKit in Frameworks */ = {isa = PBXBuildFile; productRef = 32927F412E01A6560059A8D9 /* SDWebImageMapKit */; };
/* End PBXBuildFile section */

/* Begin PBXFileReference section */
		3221846F2DFC0A5C00271B33 /* IosProject-hello.app */ = {isa = PBXFileReference; explicitFileType = wrapper.application; includeInIndex = 0; path = "IosProject-hello.app"; sourceTree = BUILT_PRODUCTS_DIR; };
/* End PBXFileReference section */

/* Begin PBXFileSystemSynchronizedBuildFileExceptionSet section */
		322184812DFC0A5E00271B33 /* PBXFileSystemSynchronizedBuildFileExceptionSet */ = {
			isa = PBXFileSystemSynchronizedBuildFileExceptionSet;
			membershipExceptions = (
				Info.plist,
			);
			target = 3221846E2DFC0A5C00271B33 /* IosProject-hello */;
		};
/* End PBXFileSystemSynchronizedBuildFileExceptionSet section */

/* Begin PBXFileSystemSynchronizedRootGroup section */
		322184712DFC0A5C00271B33 /* IosProject-hello */ = {isa = PBXFileSystemSynchronizedRootGroup; exceptions = (322184812DFC0A5E00271B33 /* PBXFileSystemSynchronizedBuildFileExceptionSet */, ); explicitFileTypes = {}; explicitFolders = (); path = "IosProject-hello"; sourceTree = "<group>"; };
/* End PBXFileSystemSynchronizedRootGroup section */

/* Begin PBXFrameworksBuildPhase section */
		3221846C2DFC0A5C00271B33 /* Frameworks */ = {
			isa = PBXFrameworksBuildPhase;
			buildActionMask = 2147483647;
			files = (
				322184962DFD64CA00271B33 /* FirebaseAppCheck in Frameworks */,
				3286B8812E02C355004E4B99 /* KakaoSDKUser in Frameworks */,
				32927F422E01A6560059A8D9 /* SDWebImageMapKit in Frameworks */,
				322184922DFD64CA00271B33 /* FirebaseAnalyticsIdentitySupport in Frameworks */,
				32927F402E01A6560059A8D9 /* SDWebImage in Frameworks */,
				322184942DFD64CA00271B33 /* FirebaseAnalyticsOnDeviceConversion in Frameworks */,
				322184982DFD64CA00271B33 /* FirebaseFirestore in Frameworks */,
				322184902DFD64CA00271B33 /* FirebaseAnalytics in Frameworks */,
				324399472E01786B00224398 /* FirebaseAuth in Frameworks */,
				3221849A2DFD64CA00271B33 /* FirebaseStorage in Frameworks */,
				3286B87F2E02C355004E4B99 /* KakaoSDKAuth in Frameworks */,
			);
			runOnlyForDeploymentPostprocessing = 0;
		};
/* End PBXFrameworksBuildPhase section */

/* Begin PBXGroup section */
		322184662DFC0A5C00271B33 = {
			isa = PBXGroup;
			children = (
				322184712DFC0A5C00271B33 /* IosProject-hello */,
				3221848E2DFD64CA00271B33 /* Frameworks */,
				322184702DFC0A5C00271B33 /* Products */,
			);
			sourceTree = "<group>";
		};
		322184702DFC0A5C00271B33 /* Products */ = {
			isa = PBXGroup;
			children = (
				3221846F2DFC0A5C00271B33 /* IosProject-hello.app */,
			);
			name = Products;
			sourceTree = "<group>";
		};
		3221848E2DFD64CA00271B33 /* Frameworks */ = {
			isa = PBXGroup;
			children = (
			);
			name = Frameworks;
			sourceTree = "<group>";
		};
/* End PBXGroup section */

/* Begin PBXNativeTarget section */
		3221846E2DFC0A5C00271B33 /* IosProject-hello */ = {
			isa = PBXNativeTarget;
			buildConfigurationList = 322184822DFC0A5E00271B33 /* Build configuration list for PBXNativeTarget "IosProject-hello" */;
			buildPhases = (
				3221846B2DFC0A5C00271B33 /* Sources */,
				3221846C2DFC0A5C00271B33 /* Frameworks */,
				3221846D2DFC0A5C00271B33 /* Resources */,
			);
			buildRules = (
			);
			dependencies = (
			);
			fileSystemSynchronizedGroups = (
				322184712DFC0A5C00271B33 /* IosProject-hello */,
			);
			name = "IosProject-hello";
			packageProductDependencies = (
				3221848F2DFD64CA00271B33 /* FirebaseAnalytics */,
				322184912DFD64CA00271B33 /* FirebaseAnalyticsIdentitySupport */,
				322184932DFD64CA00271B33 /* FirebaseAnalyticsOnDeviceConversion */,
				322184952DFD64CA00271B33 /* FirebaseAppCheck */,
				322184972DFD64CA00271B33 /* FirebaseFirestore */,
				322184992DFD64CA00271B33 /* FirebaseStorage */,
				324399462E01786B00224398 /* FirebaseAuth */,
				32927F3F2E01A6560059A8D9 /* SDWebImage */,
				32927F412E01A6560059A8D9 /* SDWebImageMapKit */,
				3286B87E2E02C355004E4B99 /* KakaoSDKAuth */,
				3286B8802E02C355004E4B99 /* KakaoSDKUser */,
			);
			productName = "IosProject-hello";
			productReference = 3221846F2DFC0A5C00271B33 /* IosProject-hello.app */;
			productType = "com.apple.product-type.application";
		};
/* End PBXNativeTarget section */

/* Begin PBXProject section */
		322184672DFC0A5C00271B33 /* Project object */ = {
			isa = PBXProject;
			attributes = {
				BuildIndependentTargetsInParallel = 1;
				LastSwiftUpdateCheck = 1620;
				LastUpgradeCheck = 1620;
				TargetAttributes = {
					3221846E2DFC0A5C00271B33 = {
						CreatedOnToolsVersion = 16.2;
					};
				};
			};
			buildConfigurationList = 3221846A2DFC0A5C00271B33 /* Build configuration list for PBXProject "IosProject-hello" */;
			compatibilityVersion = "Xcode 14.0";
			developmentRegion = en;
			hasScannedForEncodings = 0;
			knownRegions = (
				en,
				Base,
			);
			mainGroup = 322184662DFC0A5C00271B33;
			minimizedProjectReferenceProxies = 1;
			packageReferences = (
				3221848D2DFD644600271B33 /* XCRemoteSwiftPackageReference "firebase-ios-sdk" */,
				32927F3E2E01A6560059A8D9 /* XCRemoteSwiftPackageReference "SDWebImage" */,
				3286B87D2E02C355004E4B99 /* XCRemoteSwiftPackageReference "kakao-ios-sdk" */,
			);
			productRefGroup = 322184702DFC0A5C00271B33 /* Products */;
			projectDirPath = "";
			projectRoot = "";
			targets = (
				3221846E2DFC0A5C00271B33 /* IosProject-hello */,
			);
		};
/* End PBXProject section */

/* Begin PBXResourcesBuildPhase section */
		3221846D2DFC0A5C00271B33 /* Resources */ = {
			isa = PBXResourcesBuildPhase;
			buildActionMask = 2147483647;
			files = (
			);
			runOnlyForDeploymentPostprocessing = 0;
		};
/* End PBXResourcesBuildPhase section */

/* Begin PBXSourcesBuildPhase section */
		3221846B2DFC0A5C00271B33 /* Sources */ = {
			isa = PBXSourcesBuildPhase;
			buildActionMask = 2147483647;
			files = (
			);
			runOnlyForDeploymentPostprocessing = 0;
		};
/* End PBXSourcesBuildPhase section */

/* Begin XCBuildConfiguration section */
		322184832DFC0A5E00271B33 /* Debug */ = {
			isa = XCBuildConfiguration;
			buildSettings = {
				ASSETCATALOG_COMPILER_APPICON_NAME = AppIcon;
				ASSETCATALOG_COMPILER_GLOBAL_ACCENT_COLOR_NAME = AccentColor;
				ASSETCATALOG_COMPILER_INCLUDE_ALL_APPICON_ASSETS = NO;
				CODE_SIGN_STYLE = Automatic;
				CURRENT_PROJECT_VERSION = 1;
				GENERATE_INFOPLIST_FILE = YES;
				INFOPLIST_FILE = "IosProject-hello/Info.plist";
				INFOPLIST_KEY_CFBundleDisplayName = "Hello!";
				INFOPLIST_KEY_LSApplicationCategoryType = "public.app-category.lifestyle";
				INFOPLIST_KEY_UIApplicationSupportsIndirectInputEvents = YES;
				INFOPLIST_KEY_UILaunchStoryboardName = LaunchScreen;
				INFOPLIST_KEY_UIMainStoryboardFile = Main;
				INFOPLIST_KEY_UISupportedInterfaceOrientations_iPad = "UIInterfaceOrientationPortrait UIInterfaceOrientationPortraitUpsideDown UIInterfaceOrientationLandscapeLeft UIInterfaceOrientationLandscapeRight";
				INFOPLIST_KEY_UISupportedInterfaceOrientations_iPhone = "UIInterfaceOrientationPortrait UIInterfaceOrientationLandscapeLeft UIInterfaceOrientationLandscapeRight";
				LD_RUNPATH_SEARCH_PATHS = (
					"$(inherited)",
					"@executable_path/Frameworks",
				);
				MARKETING_VERSION = 1.0;
				PRODUCT_BUNDLE_IDENTIFIER = Hjkim.hansung.ac.kr.HelloFirebase;
				PRODUCT_NAME = "$(TARGET_NAME)";
				SWIFT_EMIT_LOC_STRINGS = YES;
				SWIFT_VERSION = 5.0;
				TARGETED_DEVICE_FAMILY = "1,2";
			};
			name = Debug;
		};
		322184842DFC0A5E00271B33 /* Release */ = {
			isa = XCBuildConfiguration;
			buildSettings = {
				ASSETCATALOG_COMPILER_APPICON_NAME = AppIcon;
				ASSETCATALOG_COMPILER_GLOBAL_ACCENT_COLOR_NAME = AccentColor;
				ASSETCATALOG_COMPILER_INCLUDE_ALL_APPICON_ASSETS = NO;
				CODE_SIGN_STYLE = Automatic;
				CURRENT_PROJECT_VERSION = 1;
				GENERATE_INFOPLIST_FILE = YES;
				INFOPLIST_FILE = "IosProject-hello/Info.plist";
				INFOPLIST_KEY_CFBundleDisplayName = "Hello!";
				INFOPLIST_KEY_LSApplicationCategoryType = "public.app-category.lifestyle";
				INFOPLIST_KEY_UIApplicationSupportsIndirectInputEvents = YES;
				INFOPLIST_KEY_UILaunchStoryboardName = LaunchScreen;
				INFOPLIST_KEY_UIMainStoryboardFile = Main;
				INFOPLIST_KEY_UISupportedInterfaceOrientations_iPad = "UIInterfaceOrientationPortrait UIInterfaceOrientationPortraitUpsideDown UIInterfaceOrientationLandscapeLeft UIInterfaceOrientationLandscapeRight";
				INFOPLIST_KEY_UISupportedInterfaceOrientations_iPhone = "UIInterfaceOrientationPortrait UIInterfaceOrientationLandscapeLeft UIInterfaceOrientationLandscapeRight";
				LD_RUNPATH_SEARCH_PATHS = (
					"$(inherited)",
					"@executable_path/Frameworks",
				);
				MARKETING_VERSION = 1.0;
				PRODUCT_BUNDLE_IDENTIFIER = Hjkim.hansung.ac.kr.HelloFirebase;
				PRODUCT_NAME = "$(TARGET_NAME)";
				SWIFT_EMIT_LOC_STRINGS = YES;
				SWIFT_VERSION = 5.0;
				TARGETED_DEVICE_FAMILY = "1,2";
			};
			name = Release;
		};
		322184852DFC0A5E00271B33 /* Debug */ = {
			isa = XCBuildConfiguration;
			buildSettings = {
				ALWAYS_SEARCH_USER_PATHS = NO;
				ASSETCATALOG_COMPILER_GENERATE_SWIFT_ASSET_SYMBOL_EXTENSIONS = YES;
				CLANG_ANALYZER_NONNULL = YES;
				CLANG_ANALYZER_NUMBER_OBJECT_CONVERSION = YES_AGGRESSIVE;
				CLANG_CXX_LANGUAGE_STANDARD = "gnu++20";
				CLANG_ENABLE_MODULES = YES;
				CLANG_ENABLE_OBJC_ARC = YES;
				CLANG_ENABLE_OBJC_WEAK = YES;
				CLANG_WARN_BLOCK_CAPTURE_AUTORELEASING = YES;
				CLANG_WARN_BOOL_CONVERSION = YES;
				CLANG_WARN_COMMA = YES;
				CLANG_WARN_CONSTANT_CONVERSION = YES;
				CLANG_WARN_DEPRECATED_OBJC_IMPLEMENTATIONS = YES;
				CLANG_WARN_DIRECT_OBJC_ISA_USAGE = YES_ERROR;
				CLANG_WARN_DOCUMENTATION_COMMENTS = YES;
				CLANG_WARN_EMPTY_BODY = YES;
				CLANG_WARN_ENUM_CONVERSION = YES;
				CLANG_WARN_INFINITE_RECURSION = YES;
				CLANG_WARN_INT_CONVERSION = YES;
				CLANG_WARN_NON_LITERAL_NULL_CONVERSION = YES;
				CLANG_WARN_OBJC_IMPLICIT_RETAIN_SELF = YES;
				CLANG_WARN_OBJC_LITERAL_CONVERSION = YES;
				CLANG_WARN_OBJC_ROOT_CLASS = YES_ERROR;
				CLANG_WARN_QUOTED_INCLUDE_IN_FRAMEWORK_HEADER = YES;
				CLANG_WARN_RANGE_LOOP_ANALYSIS = YES;
				CLANG_WARN_STRICT_PROTOTYPES = YES;
				CLANG_WARN_SUSPICIOUS_MOVE = YES;
				CLANG_WARN_UNGUARDED_AVAILABILITY = YES_AGGRESSIVE;
				CLANG_WARN_UNREACHABLE_CODE = YES;
				CLANG_WARN__DUPLICATE_METHOD_MATCH = YES;
				COPY_PHASE_STRIP = NO;
				DEBUG_INFORMATION_FORMAT = dwarf;
				ENABLE_STRICT_OBJC_MSGSEND = YES;
				ENABLE_TESTABILITY = YES;
				ENABLE_USER_SCRIPT_SANDBOXING = YES;
				GCC_C_LANGUAGE_STANDARD = gnu17;
				GCC_DYNAMIC_NO_PIC = NO;
				GCC_NO_COMMON_BLOCKS = YES;
				GCC_OPTIMIZATION_LEVEL = 0;
				GCC_PREPROCESSOR_DEFINITIONS = (
					"DEBUG=1",
					"$(inherited)",
				);
				GCC_WARN_64_TO_32_BIT_CONVERSION = YES;
				GCC_WARN_ABOUT_RETURN_TYPE = YES_ERROR;
				GCC_WARN_UNDECLARED_SELECTOR = YES;
				GCC_WARN_UNINITIALIZED_AUTOS = YES_AGGRESSIVE;
				GCC_WARN_UNUSED_FUNCTION = YES;
				GCC_WARN_UNUSED_VARIABLE = YES;
				IPHONEOS_DEPLOYMENT_TARGET = 18.2;
				LOCALIZATION_PREFERS_STRING_CATALOGS = YES;
				MTL_ENABLE_DEBUG_INFO = INCLUDE_SOURCE;
				MTL_FAST_MATH = YES;
				ONLY_ACTIVE_ARCH = YES;
				SDKROOT = iphoneos;
				SWIFT_ACTIVE_COMPILATION_CONDITIONS = "DEBUG $(inherited)";
				SWIFT_OPTIMIZATION_LEVEL = "-Onone";
			};
			name = Debug;
		};
		322184862DFC0A5E00271B33 /* Release */ = {
			isa = XCBuildConfiguration;
			buildSettings = {
				ALWAYS_SEARCH_USER_PATHS = NO;
				ASSETCATALOG_COMPILER_GENERATE_SWIFT_ASSET_SYMBOL_EXTENSIONS = YES;
				CLANG_ANALYZER_NONNULL = YES;
				CLANG_ANALYZER_NUMBER_OBJECT_CONVERSION = YES_AGGRESSIVE;
				CLANG_CXX_LANGUAGE_STANDARD = "gnu++20";
				CLANG_ENABLE_MODULES = YES;
				CLANG_ENABLE_OBJC_ARC = YES;
				CLANG_ENABLE_OBJC_WEAK = YES;
				CLANG_WARN_BLOCK_CAPTURE_AUTORELEASING = YES;
				CLANG_WARN_BOOL_CONVERSION = YES;
				CLANG_WARN_COMMA = YES;
				CLANG_WARN_CONSTANT_CONVERSION = YES;
				CLANG_WARN_DEPRECATED_OBJC_IMPLEMENTATIONS = YES;
				CLANG_WARN_DIRECT_OBJC_ISA_USAGE = YES_ERROR;
				CLANG_WARN_DOCUMENTATION_COMMENTS = YES;
				CLANG_WARN_EMPTY_BODY = YES;
				CLANG_WARN_ENUM_CONVERSION = YES;
				CLANG_WARN_INFINITE_RECURSION = YES;
				CLANG_WARN_INT_CONVERSION = YES;
				CLANG_WARN_NON_LITERAL_NULL_CONVERSION = YES;
				CLANG_WARN_OBJC_IMPLICIT_RETAIN_SELF = YES;
				CLANG_WARN_OBJC_LITERAL_CONVERSION = YES;
				CLANG_WARN_OBJC_ROOT_CLASS = YES_ERROR;
				CLANG_WARN_QUOTED_INCLUDE_IN_FRAMEWORK_HEADER = YES;
				CLANG_WARN_RANGE_LOOP_ANALYSIS = YES;
				CLANG_WARN_STRICT_PROTOTYPES = YES;
				CLANG_WARN_SUSPICIOUS_MOVE = YES;
				CLANG_WARN_UNGUARDED_AVAILABILITY = YES_AGGRESSIVE;
				CLANG_WARN_UNREACHABLE_CODE = YES;
				CLANG_WARN__DUPLICATE_METHOD_MATCH = YES;
				COPY_PHASE_STRIP = NO;
				DEBUG_INFORMATION_FORMAT = "dwarf-with-dsym";
				ENABLE_NS_ASSERTIONS = NO;
				ENABLE_STRICT_OBJC_MSGSEND = YES;
				ENABLE_USER_SCRIPT_SANDBOXING = YES;
				GCC_C_LANGUAGE_STANDARD = gnu17;
				GCC_NO_COMMON_BLOCKS = YES;
				GCC_WARN_64_TO_32_BIT_CONVERSION = YES;
				GCC_WARN_ABOUT_RETURN_TYPE = YES_ERROR;
				GCC_WARN_UNDECLARED_SELECTOR = YES;
				GCC_WARN_UNINITIALIZED_AUTOS = YES_AGGRESSIVE;
				GCC_WARN_UNUSED_FUNCTION = YES;
				GCC_WARN_UNUSED_VARIABLE = YES;
				IPHONEOS_DEPLOYMENT_TARGET = 18.2;
				LOCALIZATION_PREFERS_STRING_CATALOGS = YES;
				MTL_ENABLE_DEBUG_INFO = NO;
				MTL_FAST_MATH = YES;
				SDKROOT = iphoneos;
				SWIFT_COMPILATION_MODE = wholemodule;
				VALIDATE_PRODUCT = YES;
			};
			name = Release;
		};
/* End XCBuildConfiguration section */

/* Begin XCConfigurationList section */
		3221846A2DFC0A5C00271B33 /* Build configuration list for PBXProject "IosProject-hello" */ = {
			isa = XCConfigurationList;
			buildConfigurations = (
				322184852DFC0A5E00271B33 /* Debug */,
				322184862DFC0A5E00271B33 /* Release */,
			);
			defaultConfigurationIsVisible = 0;
			defaultConfigurationName = Release;
		};
		322184822DFC0A5E00271B33 /* Build configuration list for PBXNativeTarget "IosProject-hello" */ = {
			isa = XCConfigurationList;
			buildConfigurations = (
				322184832DFC0A5E00271B33 /* Debug */,
				322184842DFC0A5E00271B33 /* Release */,
			);
			defaultConfigurationIsVisible = 0;
			defaultConfigurationName = Release;
		};
/* End XCConfigurationList section */

/* Begin XCRemoteSwiftPackageReference section */
		3221848D2DFD644600271B33 /* XCRemoteSwiftPackageReference "firebase-ios-sdk" */ = {
			isa = XCRemoteSwiftPackageReference;
			repositoryURL = "https://github.com/firebase/firebase-ios-sdk";
			requirement = {
				kind = upToNextMajorVersion;
				minimumVersion = 11.14.0;
			};
		};
		3286B87D2E02C355004E4B99 /* XCRemoteSwiftPackageReference "kakao-ios-sdk" */ = {
			isa = XCRemoteSwiftPackageReference;
			repositoryURL = "https://github.com/kakao/kakao-ios-sdk";
			requirement = {
				kind = upToNextMajorVersion;
				minimumVersion = 2.24.4;
			};
		};
		32927F3E2E01A6560059A8D9 /* XCRemoteSwiftPackageReference "SDWebImage" */ = {
			isa = XCRemoteSwiftPackageReference;
			repositoryURL = "https://github.com/SDWebImage/SDWebImage.git";
			requirement = {
				kind = upToNextMajorVersion;
				minimumVersion = 5.21.1;
			};
		};
/* End XCRemoteSwiftPackageReference section */

/* Begin XCSwiftPackageProductDependency section */
		3221848F2DFD64CA00271B33 /* FirebaseAnalytics */ = {
			isa = XCSwiftPackageProductDependency;
			package = 3221848D2DFD644600271B33 /* XCRemoteSwiftPackageReference "firebase-ios-sdk" */;
			productName = FirebaseAnalytics;
		};
		322184912DFD64CA00271B33 /* FirebaseAnalyticsIdentitySupport */ = {
			isa = XCSwiftPackageProductDependency;
			package = 3221848D2DFD644600271B33 /* XCRemoteSwiftPackageReference "firebase-ios-sdk" */;
			productName = FirebaseAnalyticsIdentitySupport;
		};
		322184932DFD64CA00271B33 /* FirebaseAnalyticsOnDeviceConversion */ = {
			isa = XCSwiftPackageProductDependency;
			package = 3221848D2DFD644600271B33 /* XCRemoteSwiftPackageReference "firebase-ios-sdk" */;
			productName = FirebaseAnalyticsOnDeviceConversion;
		};
		322184952DFD64CA00271B33 /* FirebaseAppCheck */ = {
			isa = XCSwiftPackageProductDependency;
			package = 3221848D2DFD644600271B33 /* XCRemoteSwiftPackageReference "firebase-ios-sdk" */;
			productName = FirebaseAppCheck;
		};
		322184972DFD64CA00271B33 /* FirebaseFirestore */ = {
			isa = XCSwiftPackageProductDependency;
			package = 3221848D2DFD644600271B33 /* XCRemoteSwiftPackageReference "firebase-ios-sdk" */;
			productName = FirebaseFirestore;
		};
		322184992DFD64CA00271B33 /* FirebaseStorage */ = {
			isa = XCSwiftPackageProductDependency;
			package = 3221848D2DFD644600271B33 /* XCRemoteSwiftPackageReference "firebase-ios-sdk" */;
			productName = FirebaseStorage;
		};
		324399462E01786B00224398 /* FirebaseAuth */ = {
			isa = XCSwiftPackageProductDependency;
			package = 3221848D2DFD644600271B33 /* XCRemoteSwiftPackageReference "firebase-ios-sdk" */;
			productName = FirebaseAuth;
		};
		3286B87E2E02C355004E4B99 /* KakaoSDKAuth */ = {
			isa = XCSwiftPackageProductDependency;
			package = 3286B87D2E02C355004E4B99 /* XCRemoteSwiftPackageReference "kakao-ios-sdk" */;
			productName = KakaoSDKAuth;
		};
		3286B8802E02C355004E4B99 /* KakaoSDKUser */ = {
			isa = XCSwiftPackageProductDependency;
			package = 3286B87D2E02C355004E4B99 /* XCRemoteSwiftPackageReference "kakao-ios-sdk" */;
			productName = KakaoSDKUser;
		};
		32927F3F2E01A6560059A8D9 /* SDWebImage */ = {
			isa = XCSwiftPackageProductDependency;
			package = 32927F3E2E01A6560059A8D9 /* XCRemoteSwiftPackageReference "SDWebImage" */;
			productName = SDWebImage;
		};
		32927F412E01A6560059A8D9 /* SDWebImageMapKit */ = {
			isa = XCSwiftPackageProductDependency;
			package = 32927F3E2E01A6560059A8D9 /* XCRemoteSwiftPackageReference "SDWebImage" */;
			productName = SDWebImageMapKit;
		};
/* End XCSwiftPackageProductDependency section */
	};
	rootObject = 322184672DFC0A5C00271B33 /* Project object */;
}
